
Microsoft Visual Studio Solution File, Format Version 12.00
# Visual Studio Version 17
VisualStudioVersion = 17.14.36414.22 d17.14
MinimumVisualStudioVersion = 10.0.40219.1
Project("{FAE04EC0-301F-11D3-BF4B-00C04F79EFBC}") = "Project-ALMF51.Web", "Project-ALMF51.Web\Project-ALMF51.Web.csproj", "{9A93E58F-3011-409F-A528-1763F6A8BDB9}"
EndProject
Global
	GlobalSection(SolutionConfigurationPlatforms) = preSolution
		Debug|Any CPU = Debug|Any CPU
		Release|Any CPU = Release|Any CPU
	EndGlobalSection
	GlobalSection(ProjectConfigurationPlatforms) = postSolution
		{9A93E58F-3011-409F-A528-1763F6A8BDB9}.Debug|Any CPU.ActiveCfg = Debug|Any CPU
		{9A93E58F-3011-409F-A528-1763F6A8BDB9}.Debug|Any CPU.Build.0 = Debug|Any CPU
		{9A93E58F-3011-409F-A528-1763F6A8BDB9}.Release|Any CPU.ActiveCfg = Release|Any CPU
		{9A93E58F-3011-409F-A528-1763F6A8BDB9}.Release|Any CPU.Build.0 = Release|Any CPU
	EndGlobalSection
	GlobalSection(SolutionProperties) = preSolution
		HideSolutionNode = FALSE
	EndGlobalSection
	GlobalSection(ExtensibilityGlobals) = postSolution
		SolutionGuid = {E186537A-83E8-4984-9987-B79B606DA949}
	EndGlobalSection
EndGlobal
